
Microsoft Visual Studio Solution File, Format Version 12.00
# Visual Studio Version 16
VisualStudioVersion = 16.0.29613.14
MinimumVisualStudioVersion = 15.0.26124.0
Project("{2150E333-8FDC-42A3-9474-1A3956D46DE8}") = "src", "src", "{9D29031D-DA60-49F6-B6FF-9E6267502D93}"
EndProject
Project("{9A19103F-16F7-4668-BE54-9A1E7A4F7556}") = "IdentityServer", "src\IdentityServer\IdentityServer.csproj", "{84A3BFDD-47D1-473D-834C-26E52DCB69CA}"
EndProject
Project("{9A19103F-16F7-4668-BE54-9A1E7A4F7556}") = "Api", "src\Api\Api.csproj", "{FD4CD2CB-3359-451E-BF37-6105F81362B2}"
EndProject
Project("{9A19103F-16F7-4668-BE54-9A1E7A4F7556}") = "Client", "src\Client\Client.csproj", "{57DD6FEB-828F-4F38-877B-E8575BB2658F}"
EndProject
Project("{FAE04EC0-301F-11D3-BF4B-00C04F79EFBC}") = "MvcClient", "src\MvcClient\MvcClient.csproj", "{B2ACB64A-B446-4DE2-9CA6-509ADC86753A}"
EndProject
Global
	GlobalSection(SolutionConfigurationPlatforms) = preSolution
		Debug|Any CPU = Debug|Any CPU
		Debug|x64 = Debug|x64
		Debug|x86 = Debug|x86
		Release|Any CPU = Release|Any CPU
		Release|x64 = Release|x64
		Release|x86 = Release|x86
	EndGlobalSection
	GlobalSection(ProjectConfigurationPlatforms) = postSolution
		{84A3BFDD-47D1-473D-834C-26E52DCB69CA}.Debug|Any CPU.ActiveCfg = Debug|Any CPU
		{84A3BFDD-47D1-473D-834C-26E52DCB69CA}.Debug|Any CPU.Build.0 = Debug|Any CPU
		{84A3BFDD-47D1-473D-834C-26E52DCB69CA}.Debug|x64.ActiveCfg = Debug|Any CPU
		{84A3BFDD-47D1-473D-834C-26E52DCB69CA}.Debug|x64.Build.0 = Debug|Any CPU
		{84A3BFDD-47D1-473D-834C-26E52DCB69CA}.Debug|x86.ActiveCfg = Debug|Any CPU
		{84A3BFDD-47D1-473D-834C-26E52DCB69CA}.Debug|x86.Build.0 = Debug|Any CPU
		{84A3BFDD-47D1-473D-834C-26E52DCB69CA}.Release|Any CPU.ActiveCfg = Release|Any CPU
		{84A3BFDD-47D1-473D-834C-26E52DCB69CA}.Release|Any CPU.Build.0 = Release|Any CPU
		{84A3BFDD-47D1-473D-834C-26E52DCB69CA}.Release|x64.ActiveCfg = Release|Any CPU
		{84A3BFDD-47D1-473D-834C-26E52DCB69CA}.Release|x64.Build.0 = Release|Any CPU
		{84A3BFDD-47D1-473D-834C-26E52DCB69CA}.Release|x86.ActiveCfg = Release|Any CPU
		{84A3BFDD-47D1-473D-834C-26E52DCB69CA}.Release|x86.Build.0 = Release|Any CPU
		{FD4CD2CB-3359-451E-BF37-6105F81362B2}.Debug|Any CPU.ActiveCfg = Debug|Any CPU
		{FD4CD2CB-3359-451E-BF37-6105F81362B2}.Debug|Any CPU.Build.0 = Debug|Any CPU
		{FD4CD2CB-3359-451E-BF37-6105F81362B2}.Debug|x64.ActiveCfg = Debug|Any CPU
		{FD4CD2CB-3359-451E-BF37-6105F81362B2}.Debug|x64.Build.0 = Debug|Any CPU
		{FD4CD2CB-3359-451E-BF37-6105F81362B2}.Debug|x86.ActiveCfg = Debug|Any CPU
		{FD4CD2CB-3359-451E-BF37-6105F81362B2}.Debug|x86.Build.0 = Debug|Any CPU
		{FD4CD2CB-3359-451E-BF37-6105F81362B2}.Release|Any CPU.ActiveCfg = Release|Any CPU
		{FD4CD2CB-3359-451E-BF37-6105F81362B2}.Release|Any CPU.Build.0 = Release|Any CPU
		{FD4CD2CB-3359-451E-BF37-6105F81362B2}.Release|x64.ActiveCfg = Release|Any CPU
		{FD4CD2CB-3359-451E-BF37-6105F81362B2}.Release|x64.Build.0 = Release|Any CPU
		{FD4CD2CB-3359-451E-BF37-6105F81362B2}.Release|x86.ActiveCfg = Release|Any CPU
		{FD4CD2CB-3359-451E-BF37-6105F81362B2}.Release|x86.Build.0 = Release|Any CPU
		{57DD6FEB-828F-4F38-877B-E8575BB2658F}.Debug|Any CPU.ActiveCfg = Debug|Any CPU
		{57DD6FEB-828F-4F38-877B-E8575BB2658F}.Debug|Any CPU.Build.0 = Debug|Any CPU
		{57DD6FEB-828F-4F38-877B-E8575BB2658F}.Debug|x64.ActiveCfg = Debug|Any CPU
		{57DD6FEB-828F-4F38-877B-E8575BB2658F}.Debug|x64.Build.0 = Debug|Any CPU
		{57DD6FEB-828F-4F38-877B-E8575BB2658F}.Debug|x86.ActiveCfg = Debug|Any CPU
		{57DD6FEB-828F-4F38-877B-E8575BB2658F}.Debug|x86.Build.0 = Debug|Any CPU
		{57DD6FEB-828F-4F38-877B-E8575BB2658F}.Release|Any CPU.ActiveCfg = Release|Any CPU
		{57DD6FEB-828F-4F38-877B-E8575BB2658F}.Release|Any CPU.Build.0 = Release|Any CPU
		{57DD6FEB-828F-4F38-877B-E8575BB2658F}.Release|x64.ActiveCfg = Release|Any CPU
		{57DD6FEB-828F-4F38-877B-E8575BB2658F}.Release|x64.Build.0 = Release|Any CPU
		{57DD6FEB-828F-4F38-877B-E8575BB2658F}.Release|x86.ActiveCfg = Release|Any CPU
		{57DD6FEB-828F-4F38-877B-E8575BB2658F}.Release|x86.Build.0 = Release|Any CPU
		{B2ACB64A-B446-4DE2-9CA6-509ADC86753A}.Debug|Any CPU.ActiveCfg = Debug|Any CPU
		{B2ACB64A-B446-4DE2-9CA6-509ADC86753A}.Debug|Any CPU.Build.0 = Debug|Any CPU
		{B2ACB64A-B446-4DE2-9CA6-509ADC86753A}.Debug|x64.ActiveCfg = Debug|Any CPU
		{B2ACB64A-B446-4DE2-9CA6-509ADC86753A}.Debug|x64.Build.0 = Debug|Any CPU
		{B2ACB64A-B446-4DE2-9CA6-509ADC86753A}.Debug|x86.ActiveCfg = Debug|Any CPU
		{B2ACB64A-B446-4DE2-9CA6-509ADC86753A}.Debug|x86.Build.0 = Debug|Any CPU
		{B2ACB64A-B446-4DE2-9CA6-509ADC86753A}.Release|Any CPU.ActiveCfg = Release|Any CPU
		{B2ACB64A-B446-4DE2-9CA6-509ADC86753A}.Release|Any CPU.Build.0 = Release|Any CPU
		{B2ACB64A-B446-4DE2-9CA6-509ADC86753A}.Release|x64.ActiveCfg = Release|Any CPU
		{B2ACB64A-B446-4DE2-9CA6-509ADC86753A}.Release|x64.Build.0 = Release|Any CPU
		{B2ACB64A-B446-4DE2-9CA6-509ADC86753A}.Release|x86.ActiveCfg = Release|Any CPU
		{B2ACB64A-B446-4DE2-9CA6-509ADC86753A}.Release|x86.Build.0 = Release|Any CPU
	EndGlobalSection
	GlobalSection(SolutionProperties) = preSolution
		HideSolutionNode = FALSE
	EndGlobalSection
	GlobalSection(NestedProjects) = preSolution
		{84A3BFDD-47D1-473D-834C-26E52DCB69CA} = {9D29031D-DA60-49F6-B6FF-9E6267502D93}
		{FD4CD2CB-3359-451E-BF37-6105F81362B2} = {9D29031D-DA60-49F6-B6FF-9E6267502D93}
		{57DD6FEB-828F-4F38-877B-E8575BB2658F} = {9D29031D-DA60-49F6-B6FF-9E6267502D93}
		{B2ACB64A-B446-4DE2-9CA6-509ADC86753A} = {9D29031D-DA60-49F6-B6FF-9E6267502D93}
	EndGlobalSection
	GlobalSection(ExtensibilityGlobals) = postSolution
		SolutionGuid = {7F294A6F-3E42-4939-AB46-8B172ABE5039}
	EndGlobalSection
EndGlobal
